
Microsoft Visual Studio Solution File, Format Version 12.00
# Visual Studio Version 16
VisualStudioVersion = 16.0.32126.315
MinimumVisualStudioVersion = 10.0.40219.1
Project("{FAE04EC0-301F-11D3-BF4B-00C04F79EFBC}") = "Musica", "Musica\Musica.csproj", "{16570C11-949F-416F-B2A6-F595DC78D0D8}"
EndProject
Global
	GlobalSection(SolutionConfigurationPlatforms) = preSolution
		Debug|Any CPU = Debug|Any CPU
		Release|Any CPU = Release|Any CPU
	EndGlobalSection
	GlobalSection(ProjectConfigurationPlatforms) = postSolution
		{16570C11-949F-416F-B2A6-F595DC78D0D8}.Debug|Any CPU.ActiveCfg = Debug|Any CPU
		{16570C11-949F-416F-B2A6-F595DC78D0D8}.Debug|Any CPU.Build.0 = Debug|Any CPU
		{16570C11-949F-416F-B2A6-F595DC78D0D8}.Release|Any CPU.ActiveCfg = Release|Any CPU
		{16570C11-949F-416F-B2A6-F595DC78D0D8}.Release|Any CPU.Build.0 = Release|Any CPU
	EndGlobalSection
	GlobalSection(SolutionProperties) = preSolution
		HideSolutionNode = FALSE
	EndGlobalSection
	GlobalSection(ExtensibilityGlobals) = postSolution
		SolutionGuid = {4B8C786E-33AA-4886-B6AD-5A86DD51BC6F}
	EndGlobalSection
EndGlobal
